
Microsoft Visual Studio Solution File, Format Version 12.00
# Visual Studio Version 16
VisualStudioVersion = 16.0.29306.81
MinimumVisualStudioVersion = 10.0.40219.1
Project("{FAE04EC0-301F-11D3-BF4B-00C04F79EFBC}") = "ConsoleApp1", "ConsoleApp1\ConsoleApp1.csproj", "{D1500165-67FA-4DF2-AF4E-34C30C10F24F}"
EndProject
Global
	GlobalSection(SolutionConfigurationPlatforms) = preSolution
		Debug|Any CPU = Debug|Any CPU
		Release|Any CPU = Release|Any CPU
	EndGlobalSection
	GlobalSection(ProjectConfigurationPlatforms) = postSolution
		{D1500165-67FA-4DF2-AF4E-34C30C10F24F}.Debug|Any CPU.ActiveCfg = Debug|Any CPU
		{D1500165-67FA-4DF2-AF4E-34C30C10F24F}.Debug|Any CPU.Build.0 = Debug|Any CPU
		{D1500165-67FA-4DF2-AF4E-34C30C10F24F}.Release|Any CPU.ActiveCfg = Release|Any CPU
		{D1500165-67FA-4DF2-AF4E-34C30C10F24F}.Release|Any CPU.Build.0 = Release|Any CPU
	EndGlobalSection
	GlobalSection(SolutionProperties) = preSolution
		HideSolutionNode = FALSE
	EndGlobalSection
	GlobalSection(ExtensibilityGlobals) = postSolution
		SolutionGuid = {10DFF2CB-37DF-441C-8B97-1E175768D1FE}
	EndGlobalSection
EndGlobal
