
Microsoft Visual Studio Solution File, Format Version 12.00
# Visual Studio Version 16
VisualStudioVersion = 16.0.29509.3
MinimumVisualStudioVersion = 10.0.40219.1
Project("{FAE04EC0-301F-11D3-BF4B-00C04F79EFBC}") = "Quiz2", "Quiz2\Quiz2.csproj", "{5FC3F324-DED8-47B2-8529-2A78885A3416}"
EndProject
Global
	GlobalSection(SolutionConfigurationPlatforms) = preSolution
		Debug|Any CPU = Debug|Any CPU
		Release|Any CPU = Release|Any CPU
	EndGlobalSection
	GlobalSection(ProjectConfigurationPlatforms) = postSolution
		{5FC3F324-DED8-47B2-8529-2A78885A3416}.Debug|Any CPU.ActiveCfg = Debug|Any CPU
		{5FC3F324-DED8-47B2-8529-2A78885A3416}.Debug|Any CPU.Build.0 = Debug|Any CPU
		{5FC3F324-DED8-47B2-8529-2A78885A3416}.Release|Any CPU.ActiveCfg = Release|Any CPU
		{5FC3F324-DED8-47B2-8529-2A78885A3416}.Release|Any CPU.Build.0 = Release|Any CPU
	EndGlobalSection
	GlobalSection(SolutionProperties) = preSolution
		HideSolutionNode = FALSE
	EndGlobalSection
	GlobalSection(ExtensibilityGlobals) = postSolution
		SolutionGuid = {1724A3E6-BCD6-4820-90DF-05813CCE4F19}
	EndGlobalSection
EndGlobal
