
Microsoft Visual Studio Solution File, Format Version 12.00
# Visual Studio Version 16
VisualStudioVersion = 16.0.29403.142
MinimumVisualStudioVersion = 10.0.40219.1
Project("{FAE04EC0-301F-11D3-BF4B-00C04F79EFBC}") = "ConsoleApp11", "ConsoleApp11\ConsoleApp11.csproj", "{9871DC36-EBED-4E47-8D56-EE54A127AF20}"
EndProject
Global
	GlobalSection(SolutionConfigurationPlatforms) = preSolution
		Debug|Any CPU = Debug|Any CPU
		Release|Any CPU = Release|Any CPU
	EndGlobalSection
	GlobalSection(ProjectConfigurationPlatforms) = postSolution
		{9871DC36-EBED-4E47-8D56-EE54A127AF20}.Debug|Any CPU.ActiveCfg = Debug|Any CPU
		{9871DC36-EBED-4E47-8D56-EE54A127AF20}.Debug|Any CPU.Build.0 = Debug|Any CPU
		{9871DC36-EBED-4E47-8D56-EE54A127AF20}.Release|Any CPU.ActiveCfg = Release|Any CPU
		{9871DC36-EBED-4E47-8D56-EE54A127AF20}.Release|Any CPU.Build.0 = Release|Any CPU
	EndGlobalSection
	GlobalSection(SolutionProperties) = preSolution
		HideSolutionNode = FALSE
	EndGlobalSection
	GlobalSection(ExtensibilityGlobals) = postSolution
		SolutionGuid = {BC7604FE-3B82-4910-A918-49622ACB2113}
	EndGlobalSection
EndGlobal
